// !$*UTF8*$!
{
	archiveVersion = 1;
	classes = {
	};
	objectVersion = 56;
	objects = {

/* Begin PBXBuildFile section */
		A1000001 /* TodoAppApp.swift in Sources */ = {isa = PBXBuildFile; fileRef = B1000001 /* TodoAppApp.swift */; };
		A1000002 /* ContentView.swift in Sources */ = {isa = PBXBuildFile; fileRef = B1000002 /* ContentView.swift */; };
		A1000003 /* Partition.swift in Sources */ = {isa = PBXBuildFile; fileRef = B1000003 /* Partition.swift */; };
		A1000004 /* TodoTask.swift in Sources */ = {isa = PBXBuildFile; fileRef = B1000004 /* TodoTask.swift */; };
		A1000005 /* TodoViewModel.swift in Sources */ = {isa = PBXBuildFile; fileRef = B1000005 /* TodoViewModel.swift */; };
		A1000006 /* TaskItemView.swift in Sources */ = {isa = PBXBuildFile; fileRef = B1000006 /* TaskItemView.swift */; };
		A1000007 /* PartitionView.swift in Sources */ = {isa = PBXBuildFile; fileRef = B1000007 /* PartitionView.swift */; };
		A1000008 /* PartitionEditView.swift in Sources */ = {isa = PBXBuildFile; fileRef = B1000008 /* PartitionEditView.swift */; };
		A1000009 /* CompletedSectionView.swift in Sources */ = {isa = PBXBuildFile; fileRef = B1000009 /* CompletedSectionView.swift */; };
		A100000A /* ManagePartitionsView.swift in Sources */ = {isa = PBXBuildFile; fileRef = B100000A /* ManagePartitionsView.swift */; };
		A100000B /* DateHelpers.swift in Sources */ = {isa = PBXBuildFile; fileRef = B100000B /* DateHelpers.swift */; };
		A100000C /* DesignTokens.swift in Sources */ = {isa = PBXBuildFile; fileRef = B100000C /* DesignTokens.swift */; };
		A100000D /* WindowChromeController.swift in Sources */ = {isa = PBXBuildFile; fileRef = B100000D /* WindowChromeController.swift */; };
		A100000E /* LiquidGlassTag.swift in Sources */ = {isa = PBXBuildFile; fileRef = B100000E /* LiquidGlassTag.swift */; };
		A100000F /* TaskEditorPopover.swift in Sources */ = {isa = PBXBuildFile; fileRef = B100000F /* TaskEditorPopover.swift */; };
		A1000010 /* ClickOutsideHitTesting.swift in Sources */ = {isa = PBXBuildFile; fileRef = B1000010 /* ClickOutsideHitTesting.swift */; };
		A1000011 /* EditingLayerInteractivity.swift in Sources */ = {isa = PBXBuildFile; fileRef = B1000011 /* EditingLayerInteractivity.swift */; };
		A1000012 /* ChildTaskOrdering.swift in Sources */ = {isa = PBXBuildFile; fileRef = B1000012 /* ChildTaskOrdering.swift */; };
/* End PBXBuildFile section */

/* Begin PBXFileReference section */
		C1000001 /* TodoApp.app */ = {isa = PBXFileReference; explicitFileType = wrapper.application; includeInIndex = 0; path = TodoApp.app; sourceTree = BUILT_PRODUCTS_DIR; };
		B1000001 /* TodoAppApp.swift */ = {isa = PBXFileReference; lastKnownFileType = sourcecode.swift; path = TodoAppApp.swift; sourceTree = "<group>"; };
		B1000002 /* ContentView.swift */ = {isa = PBXFileReference; lastKnownFileType = sourcecode.swift; path = ContentView.swift; sourceTree = "<group>"; };
		B1000003 /* Partition.swift */ = {isa = PBXFileReference; lastKnownFileType = sourcecode.swift; path = Partition.swift; sourceTree = "<group>"; };
		B1000004 /* TodoTask.swift */ = {isa = PBXFileReference; lastKnownFileType = sourcecode.swift; path = TodoTask.swift; sourceTree = "<group>"; };
		B1000005 /* TodoViewModel.swift */ = {isa = PBXFileReference; lastKnownFileType = sourcecode.swift; path = TodoViewModel.swift; sourceTree = "<group>"; };
		B1000006 /* TaskItemView.swift */ = {isa = PBXFileReference; lastKnownFileType = sourcecode.swift; path = TaskItemView.swift; sourceTree = "<group>"; };
		B1000007 /* PartitionView.swift */ = {isa = PBXFileReference; lastKnownFileType = sourcecode.swift; path = PartitionView.swift; sourceTree = "<group>"; };
		B1000008 /* PartitionEditView.swift */ = {isa = PBXFileReference; lastKnownFileType = sourcecode.swift; path = PartitionEditView.swift; sourceTree = "<group>"; };
		B1000009 /* CompletedSectionView.swift */ = {isa = PBXFileReference; lastKnownFileType = sourcecode.swift; path = CompletedSectionView.swift; sourceTree = "<group>"; };
		B100000A /* ManagePartitionsView.swift */ = {isa = PBXFileReference; lastKnownFileType = sourcecode.swift; path = ManagePartitionsView.swift; sourceTree = "<group>"; };
		B100000B /* DateHelpers.swift */ = {isa = PBXFileReference; lastKnownFileType = sourcecode.swift; path = DateHelpers.swift; sourceTree = "<group>"; };
		B100000C /* DesignTokens.swift */ = {isa = PBXFileReference; lastKnownFileType = sourcecode.swift; path = DesignTokens.swift; sourceTree = "<group>"; };
		B100000D /* WindowChromeController.swift */ = {isa = PBXFileReference; lastKnownFileType = sourcecode.swift; path = WindowChromeController.swift; sourceTree = "<group>"; };
		B100000E /* LiquidGlassTag.swift */ = {isa = PBXFileReference; lastKnownFileType = sourcecode.swift; path = LiquidGlassTag.swift; sourceTree = "<group>"; };
		B100000F /* TaskEditorPopover.swift */ = {isa = PBXFileReference; lastKnownFileType = sourcecode.swift; path = TaskEditorPopover.swift; sourceTree = "<group>"; };
		B1000010 /* ClickOutsideHitTesting.swift */ = {isa = PBXFileReference; lastKnownFileType = sourcecode.swift; path = ClickOutsideHitTesting.swift; sourceTree = "<group>"; };
		B1000011 /* EditingLayerInteractivity.swift */ = {isa = PBXFileReference; lastKnownFileType = sourcecode.swift; path = EditingLayerInteractivity.swift; sourceTree = "<group>"; };
		B1000012 /* ChildTaskOrdering.swift */ = {isa = PBXFileReference; lastKnownFileType = sourcecode.swift; path = ChildTaskOrdering.swift; sourceTree = "<group>"; };
/* End PBXFileReference section */

/* Begin PBXFrameworksBuildPhase section */
		D1000001 /* Frameworks */ = {
			isa = PBXFrameworksBuildPhase;
			buildActionMask = 2147483647;
			files = (
			);
			runOnlyForDeploymentPostprocessing = 0;
		};
/* End PBXFrameworksBuildPhase section */

/* Begin PBXGroup section */
		E1000001 = {
			isa = PBXGroup;
			children = (
				E1000002 /* TodoApp */,
				E1000006 /* Products */,
			);
			sourceTree = "<group>";
		};
		E1000002 /* TodoApp */ = {
			isa = PBXGroup;
			children = (
				B1000001 /* TodoAppApp.swift */,
				E1000003 /* Models */,
				E1000004 /* ViewModels */,
				E1000005 /* Views */,
				E1000007 /* Helpers */,
			);
			path = TodoApp;
			sourceTree = "<group>";
		};
		E1000003 /* Models */ = {
			isa = PBXGroup;
			children = (
				B1000003 /* Partition.swift */,
				B1000004 /* TodoTask.swift */,
			);
			path = Models;
			sourceTree = "<group>";
		};
		E1000004 /* ViewModels */ = {
			isa = PBXGroup;
			children = (
				B1000005 /* TodoViewModel.swift */,
			);
			path = ViewModels;
			sourceTree = "<group>";
		};
		E1000005 /* Views */ = {
			isa = PBXGroup;
			children = (
				B1000002 /* ContentView.swift */,
				B1000006 /* TaskItemView.swift */,
				B1000007 /* PartitionView.swift */,
				B1000008 /* PartitionEditView.swift */,
				B1000009 /* CompletedSectionView.swift */,
				B100000A /* ManagePartitionsView.swift */,
				B100000E /* LiquidGlassTag.swift */,
				B100000F /* TaskEditorPopover.swift */,
			);
			path = Views;
			sourceTree = "<group>";
		};
		E1000006 /* Products */ = {
			isa = PBXGroup;
			children = (
				C1000001 /* TodoApp.app */,
			);
			name = Products;
			sourceTree = "<group>";
		};
		E1000007 /* Helpers */ = {
			isa = PBXGroup;
			children = (
				B1000012 /* ChildTaskOrdering.swift */,
				B1000010 /* ClickOutsideHitTesting.swift */,
				B1000011 /* EditingLayerInteractivity.swift */,
				B100000B /* DateHelpers.swift */,
				B100000C /* DesignTokens.swift */,
				B100000D /* WindowChromeController.swift */,
			);
			path = Helpers;
			sourceTree = "<group>";
		};
/* End PBXGroup section */

/* Begin PBXNativeTarget section */
		F1000001 /* TodoApp */ = {
			isa = PBXNativeTarget;
			buildConfigurationList = F2000001 /* Build configuration list for PBXNativeTarget "TodoApp" */;
			buildPhases = (
				F3000001 /* Sources */,
				D1000001 /* Frameworks */,
			);
			buildRules = (
			);
			dependencies = (
			);
			name = TodoApp;
			productName = TodoApp;
			productReference = C1000001 /* TodoApp.app */;
			productType = "com.apple.product-type.application";
		};
/* End PBXNativeTarget section */

/* Begin PBXProject section */
		F4000001 /* Project object */ = {
			isa = PBXProject;
			attributes = {
				BuildIndependentTargetsInParallel = 1;
				LastSwiftUpdateCheck = 1500;
				LastUpgradeCheck = 1500;
			};
			buildConfigurationList = F5000001 /* Build configuration list for PBXProject "TodoApp" */;
			compatibilityVersion = "Xcode 14.0";
			developmentRegion = en;
			hasScannedForEncodings = 0;
			knownRegions = (
				en,
				Base,
			);
			mainGroup = E1000001;
			productRefGroup = E1000006 /* Products */;
			projectDirPath = "";
			projectRoot = "";
			targets = (
				F1000001 /* TodoApp */,
			);
		};
/* End PBXProject section */

/* Begin PBXSourcesBuildPhase section */
		F3000001 /* Sources */ = {
			isa = PBXSourcesBuildPhase;
			buildActionMask = 2147483647;
			files = (
				A1000001 /* TodoAppApp.swift in Sources */,
				A1000002 /* ContentView.swift in Sources */,
				A1000003 /* Partition.swift in Sources */,
				A1000004 /* TodoTask.swift in Sources */,
				A1000005 /* TodoViewModel.swift in Sources */,
				A1000006 /* TaskItemView.swift in Sources */,
				A1000007 /* PartitionView.swift in Sources */,
				A1000008 /* PartitionEditView.swift in Sources */,
				A1000009 /* CompletedSectionView.swift in Sources */,
				A100000A /* ManagePartitionsView.swift in Sources */,
				A100000B /* DateHelpers.swift in Sources */,
				A100000C /* DesignTokens.swift in Sources */,
				A100000D /* WindowChromeController.swift in Sources */,
				A100000E /* LiquidGlassTag.swift in Sources */,
				A100000F /* TaskEditorPopover.swift in Sources */,
				A1000010 /* ClickOutsideHitTesting.swift in Sources */,
				A1000011 /* EditingLayerInteractivity.swift in Sources */,
				A1000012 /* ChildTaskOrdering.swift in Sources */,
			);
			runOnlyForDeploymentPostprocessing = 0;
		};
/* End PBXSourcesBuildPhase section */

/* Begin XCBuildConfiguration section */
		F6000001 /* Debug */ = {
			isa = XCBuildConfiguration;
			buildSettings = {
				ALWAYS_SEARCH_USER_PATHS = NO;
				CLANG_ANALYZER_NONNULL = YES;
				CLANG_ANALYZER_NUMBER_OBJECT_CONVERSION = YES_AGGRESSIVE;
				CLANG_CXX_LANGUAGE_STANDARD = "gnu++20";
				CLANG_ENABLE_MODULES = YES;
				CLANG_ENABLE_OBJC_ARC = YES;
				CLANG_ENABLE_OBJC_WEAK = YES;
				CLANG_WARN_BLOCK_CAPTURE_AUTORELEASING = YES;
				CLANG_WARN_BOOL_CONVERSION = YES;
				CLANG_WARN_COMMA = YES;
				CLANG_WARN_CONSTANT_CONVERSION = YES;
				CLANG_WARN_DEPRECATED_OBJC_IMPLEMENTATIONS = YES;
				CLANG_WARN_DIRECT_OBJC_ISA_USAGE = YES_ERROR;
				CLANG_WARN_DOCUMENTATION_COMMENTS = YES;
				CLANG_WARN_EMPTY_BODY = YES;
				CLANG_WARN_ENUM_CONVERSION = YES;
				CLANG_WARN_INFINITE_RECURSION = YES;
				CLANG_WARN_INT_CONVERSION = YES;
				CLANG_WARN_NON_LITERAL_NULL_CONVERSION = YES;
				CLANG_WARN_OBJC_IMPLICIT_RETAIN_SELF = YES;
				CLANG_WARN_OBJC_LITERAL_CONVERSION = YES;
				CLANG_WARN_OBJC_ROOT_CLASS = YES_ERROR;
				CLANG_WARN_QUOTED_INCLUDE_IN_FRAMEWORK_HEADER = YES;
				CLANG_WARN_RANGE_LOOP_ANALYSIS = YES;
				CLANG_WARN_STRICT_PROTOTYPES = YES;
				CLANG_WARN_SUSPICIOUS_MOVE = YES;
				CLANG_WARN_UNGUARDED_AVAILABILITY = YES_AGGRESSIVE;
				CLANG_WARN_UNREACHABLE_CODE = YES;
				CLANG_WARN__DUPLICATE_METHOD_MATCH = YES;
				COPY_PHASE_STRIP = NO;
				DEBUG_INFORMATION_FORMAT = dwarf;
				ENABLE_STRICT_OBJC_MSGSEND = YES;
				ENABLE_TESTABILITY = YES;
				ENABLE_USER_SCRIPT_SANDBOXING = YES;
				GCC_C_LANGUAGE_STANDARD = gnu17;
				GCC_DYNAMIC_NO_PIC = NO;
				GCC_NO_COMMON_BLOCKS = YES;
				GCC_OPTIMIZATION_LEVEL = 0;
				GCC_PREPROCESSOR_DEFINITIONS = (
					"DEBUG=1",
					"$(inherited)",
				);
				GCC_WARN_64_TO_32_BIT_CONVERSION = YES;
				GCC_WARN_ABOUT_RETURN_TYPE = YES_ERROR;
				GCC_WARN_UNDECLARED_SELECTOR = YES;
				GCC_WARN_UNINITIALIZED_AUTOS = YES_AGGRESSIVE;
				GCC_WARN_UNUSED_FUNCTION = YES;
				GCC_WARN_UNUSED_VARIABLE = YES;
				MACOSX_DEPLOYMENT_TARGET = 14.0;
				MTL_ENABLE_DEBUG_INFO = INCLUDE_SOURCE;
				MTL_FAST_MATH = YES;
				ONLY_ACTIVE_ARCH = YES;
				SDKROOT = macosx;
				SWIFT_ACTIVE_COMPILATION_CONDITIONS = "DEBUG $(inherited)";
				SWIFT_OPTIMIZATION_LEVEL = "-Onone";
			};
			name = Debug;
		};
		F6000002 /* Release */ = {
			isa = XCBuildConfiguration;
			buildSettings = {
				ALWAYS_SEARCH_USER_PATHS = NO;
				CLANG_ANALYZER_NONNULL = YES;
				CLANG_ANALYZER_NUMBER_OBJECT_CONVERSION = YES_AGGRESSIVE;
				CLANG_CXX_LANGUAGE_STANDARD = "gnu++20";
				CLANG_ENABLE_MODULES = YES;
				CLANG_ENABLE_OBJC_ARC = YES;
				CLANG_ENABLE_OBJC_WEAK = YES;
				CLANG_WARN_BLOCK_CAPTURE_AUTORELEASING = YES;
				CLANG_WARN_BOOL_CONVERSION = YES;
				CLANG_WARN_COMMA = YES;
				CLANG_WARN_CONSTANT_CONVERSION = YES;
				CLANG_WARN_DEPRECATED_OBJC_IMPLEMENTATIONS = YES;
				CLANG_WARN_DIRECT_OBJC_ISA_USAGE = YES_ERROR;
				CLANG_WARN_DOCUMENTATION_COMMENTS = YES;
				CLANG_WARN_EMPTY_BODY = YES;
				CLANG_WARN_ENUM_CONVERSION = YES;
				CLANG_WARN_INFINITE_RECURSION = YES;
				CLANG_WARN_INT_CONVERSION = YES;
				CLANG_WARN_NON_LITERAL_NULL_CONVERSION = YES;
				CLANG_WARN_OBJC_IMPLICIT_RETAIN_SELF = YES;
				CLANG_WARN_OBJC_LITERAL_CONVERSION = YES;
				CLANG_WARN_OBJC_ROOT_CLASS = YES_ERROR;
				CLANG_WARN_QUOTED_INCLUDE_IN_FRAMEWORK_HEADER = YES;
				CLANG_WARN_RANGE_LOOP_ANALYSIS = YES;
				CLANG_WARN_STRICT_PROTOTYPES = YES;
				CLANG_WARN_SUSPICIOUS_MOVE = YES;
				CLANG_WARN_UNGUARDED_AVAILABILITY = YES_AGGRESSIVE;
				CLANG_WARN_UNREACHABLE_CODE = YES;
				CLANG_WARN__DUPLICATE_METHOD_MATCH = YES;
				COPY_PHASE_STRIP = NO;
				DEBUG_INFORMATION_FORMAT = "dwarf-with-dsym";
				ENABLE_NS_ASSERTIONS = NO;
				ENABLE_STRICT_OBJC_MSGSEND = YES;
				ENABLE_USER_SCRIPT_SANDBOXING = YES;
				GCC_C_LANGUAGE_STANDARD = gnu17;
				GCC_NO_COMMON_BLOCKS = YES;
				GCC_WARN_64_TO_32_BIT_CONVERSION = YES;
				GCC_WARN_ABOUT_RETURN_TYPE = YES_ERROR;
				GCC_WARN_UNDECLARED_SELECTOR = YES;
				GCC_WARN_UNINITIALIZED_AUTOS = YES_AGGRESSIVE;
				GCC_WARN_UNUSED_FUNCTION = YES;
				GCC_WARN_UNUSED_VARIABLE = YES;
				MACOSX_DEPLOYMENT_TARGET = 14.0;
				MTL_ENABLE_DEBUG_INFO = NO;
				MTL_FAST_MATH = YES;
				SDKROOT = macosx;
				SWIFT_COMPILATION_MODE = wholemodule;
			};
			name = Release;
		};
		F7000001 /* Debug */ = {
			isa = XCBuildConfiguration;
			buildSettings = {
				ASSETCATALOG_COMPILER_APPICON_NAME = AppIcon;
				ASSETCATALOG_COMPILER_GLOBAL_ACCENT_COLOR_NAME = AccentColor;
				CODE_SIGN_ENTITLEMENTS = "";
				"CODE_SIGN_IDENTITY[sdk=macosx*]" = "-";
				CODE_SIGN_STYLE = Automatic;
				COMBINE_HIDPI_IMAGES = YES;
				CURRENT_PROJECT_VERSION = 1;
				GENERATE_INFOPLIST_FILE = YES;
				INFOPLIST_KEY_NSHumanReadableCopyright = "";
				INFOPLIST_KEY_NSMainStoryboardFile = "";
				INFOPLIST_KEY_NSPrincipalClass = "";
				LD_RUNPATH_SEARCH_PATHS = (
					"$(inherited)",
					"@executable_path/../Frameworks",
				);
				MARKETING_VERSION = 1.0;
				PRODUCT_BUNDLE_IDENTIFIER = com.todoapp.TodoApp;
				PRODUCT_NAME = "$(TARGET_NAME)";
				SWIFT_EMIT_LOC_STRINGS = YES;
				SWIFT_VERSION = 5.0;
			};
			name = Debug;
		};
		F7000002 /* Release */ = {
			isa = XCBuildConfiguration;
			buildSettings = {
				ASSETCATALOG_COMPILER_APPICON_NAME = AppIcon;
				ASSETCATALOG_COMPILER_GLOBAL_ACCENT_COLOR_NAME = AccentColor;
				CODE_SIGN_ENTITLEMENTS = "";
				"CODE_SIGN_IDENTITY[sdk=macosx*]" = "-";
				CODE_SIGN_STYLE = Automatic;
				COMBINE_HIDPI_IMAGES = YES;
				CURRENT_PROJECT_VERSION = 1;
				GENERATE_INFOPLIST_FILE = YES;
				INFOPLIST_KEY_NSHumanReadableCopyright = "";
				INFOPLIST_KEY_NSMainStoryboardFile = "";
				INFOPLIST_KEY_NSPrincipalClass = "";
				LD_RUNPATH_SEARCH_PATHS = (
					"$(inherited)",
					"@executable_path/../Frameworks",
				);
				MARKETING_VERSION = 1.0;
				PRODUCT_BUNDLE_IDENTIFIER = com.todoapp.TodoApp;
				PRODUCT_NAME = "$(TARGET_NAME)";
				SWIFT_EMIT_LOC_STRINGS = YES;
				SWIFT_VERSION = 5.0;
			};
			name = Release;
		};
/* End XCBuildConfiguration section */

/* Begin XCConfigurationList section */
		F5000001 /* Build configuration list for PBXProject "TodoApp" */ = {
			isa = XCConfigurationList;
			buildConfigurations = (
				F6000001 /* Debug */,
				F6000002 /* Release */,
			);
			defaultConfigurationIsVisible = 0;
			defaultConfigurationName = Release;
		};
		F2000001 /* Build configuration list for PBXNativeTarget "TodoApp" */ = {
			isa = XCConfigurationList;
			buildConfigurations = (
				F7000001 /* Debug */,
				F7000002 /* Release */,
			);
			defaultConfigurationIsVisible = 0;
			defaultConfigurationName = Release;
		};
/* End XCConfigurationList section */
	};
	rootObject = F4000001 /* Project object */;
}
